
Microsoft Visual Studio Solution File, Format Version 12.00
# Visual Studio 2013
VisualStudioVersion = 12.0.30501.0
MinimumVisualStudioVersion = 10.0.40219.1
Project("{FAE04EC0-301F-11D3-BF4B-00C04F79EFBC}") = "1. SolarSystem", "1. SolarSystem.csproj", "{2F30E9AF-8256-40AF-B356-EA14E55CE9D7}"
EndProject
Project("{FAE04EC0-301F-11D3-BF4B-00C04F79EFBC}") = "2. CompareNumericDataTypes", "CompareNumericDataTypes\2. CompareNumericDataTypes.csproj", "{E5830CC0-5A61-4245-A701-B71E07F2EA75}"
EndProject
Project("{FAE04EC0-301F-11D3-BF4B-00C04F79EFBC}") = "3. MathOperations", "MathOperations\3. MathOperations.csproj", "{672E2AF9-EF69-4768-82D0-73D3596EE94C}"
EndProject
Global
	GlobalSection(SolutionConfigurationPlatforms) = preSolution
		Debug|Any CPU = Debug|Any CPU
		Release|Any CPU = Release|Any CPU
	EndGlobalSection
	GlobalSection(ProjectConfigurationPlatforms) = postSolution
		{2F30E9AF-8256-40AF-B356-EA14E55CE9D7}.Debug|Any CPU.ActiveCfg = Debug|Any CPU
		{2F30E9AF-8256-40AF-B356-EA14E55CE9D7}.Debug|Any CPU.Build.0 = Debug|Any CPU
		{2F30E9AF-8256-40AF-B356-EA14E55CE9D7}.Release|Any CPU.ActiveCfg = Release|Any CPU
		{2F30E9AF-8256-40AF-B356-EA14E55CE9D7}.Release|Any CPU.Build.0 = Release|Any CPU
		{E5830CC0-5A61-4245-A701-B71E07F2EA75}.Debug|Any CPU.ActiveCfg = Debug|Any CPU
		{E5830CC0-5A61-4245-A701-B71E07F2EA75}.Debug|Any CPU.Build.0 = Debug|Any CPU
		{E5830CC0-5A61-4245-A701-B71E07F2EA75}.Release|Any CPU.ActiveCfg = Release|Any CPU
		{E5830CC0-5A61-4245-A701-B71E07F2EA75}.Release|Any CPU.Build.0 = Release|Any CPU
		{672E2AF9-EF69-4768-82D0-73D3596EE94C}.Debug|Any CPU.ActiveCfg = Debug|Any CPU
		{672E2AF9-EF69-4768-82D0-73D3596EE94C}.Debug|Any CPU.Build.0 = Debug|Any CPU
		{672E2AF9-EF69-4768-82D0-73D3596EE94C}.Release|Any CPU.ActiveCfg = Release|Any CPU
		{672E2AF9-EF69-4768-82D0-73D3596EE94C}.Release|Any CPU.Build.0 = Release|Any CPU
	EndGlobalSection
	GlobalSection(SolutionProperties) = preSolution
		HideSolutionNode = FALSE
	EndGlobalSection
EndGlobal
