
Microsoft Visual Studio Solution File, Format Version 12.00
# Visual Studio 2013
VisualStudioVersion = 12.0.30110.0
MinimumVisualStudioVersion = 10.0.40219.1
Project("{FAE04EC0-301F-11D3-BF4B-00C04F79EFBC}") = "1. TreeTraversal", "TreeTraversal\1. TreeTraversal.csproj", "{09FB8FDC-1D72-4146-B308-7C864D1C48C2}"
EndProject
Project("{FAE04EC0-301F-11D3-BF4B-00C04F79EFBC}") = "2. TraverseWindowsDirectory", "TraverseWindowsDirectory\2. TraverseWindowsDirectory.csproj", "{79BF3BEC-B013-4C49-BCBC-9F828735BB94}"
EndProject
Project("{FAE04EC0-301F-11D3-BF4B-00C04F79EFBC}") = "3. DisplayFileAndFolderInfo", "DisplayFileAndFolderInfo\3. DisplayFileAndFolderInfo.csproj", "{43C0A0E9-F8D0-48CC-BF32-388E1A24112E}"
EndProject
Global
	GlobalSection(SolutionConfigurationPlatforms) = preSolution
		Debug|Any CPU = Debug|Any CPU
		Release|Any CPU = Release|Any CPU
	EndGlobalSection
	GlobalSection(ProjectConfigurationPlatforms) = postSolution
		{09FB8FDC-1D72-4146-B308-7C864D1C48C2}.Debug|Any CPU.ActiveCfg = Debug|Any CPU
		{09FB8FDC-1D72-4146-B308-7C864D1C48C2}.Debug|Any CPU.Build.0 = Debug|Any CPU
		{09FB8FDC-1D72-4146-B308-7C864D1C48C2}.Release|Any CPU.ActiveCfg = Release|Any CPU
		{09FB8FDC-1D72-4146-B308-7C864D1C48C2}.Release|Any CPU.Build.0 = Release|Any CPU
		{79BF3BEC-B013-4C49-BCBC-9F828735BB94}.Debug|Any CPU.ActiveCfg = Debug|Any CPU
		{79BF3BEC-B013-4C49-BCBC-9F828735BB94}.Debug|Any CPU.Build.0 = Debug|Any CPU
		{79BF3BEC-B013-4C49-BCBC-9F828735BB94}.Release|Any CPU.ActiveCfg = Release|Any CPU
		{79BF3BEC-B013-4C49-BCBC-9F828735BB94}.Release|Any CPU.Build.0 = Release|Any CPU
		{43C0A0E9-F8D0-48CC-BF32-388E1A24112E}.Debug|Any CPU.ActiveCfg = Debug|Any CPU
		{43C0A0E9-F8D0-48CC-BF32-388E1A24112E}.Debug|Any CPU.Build.0 = Debug|Any CPU
		{43C0A0E9-F8D0-48CC-BF32-388E1A24112E}.Release|Any CPU.ActiveCfg = Release|Any CPU
		{43C0A0E9-F8D0-48CC-BF32-388E1A24112E}.Release|Any CPU.Build.0 = Release|Any CPU
	EndGlobalSection
	GlobalSection(SolutionProperties) = preSolution
		HideSolutionNode = FALSE
	EndGlobalSection
EndGlobal
