
Microsoft Visual Studio Solution File, Format Version 12.00
# Visual Studio 2013
VisualStudioVersion = 12.0.30110.0
MinimumVisualStudioVersion = 10.0.40219.1
Project("{FAE04EC0-301F-11D3-BF4B-00C04F79EFBC}") = "NextDate", "NextDate\NextDate.csproj", "{30AF5666-7D90-424F-A945-B238C21A133E}"
EndProject
Project("{FAE04EC0-301F-11D3-BF4B-00C04F79EFBC}") = "TribonacciTriangle", "TribonacciTriangle\TribonacciTriangle.csproj", "{9AEFC200-5B14-4836-AFD2-6314D1582BC6}"
EndProject
Project("{FAE04EC0-301F-11D3-BF4B-00C04F79EFBC}") = "Sheets", "Sheets\Sheets.csproj", "{07ABB428-9B44-4CA1-9395-CF65E9D74114}"
EndProject
Project("{FAE04EC0-301F-11D3-BF4B-00C04F79EFBC}") = "FormulaBit1", "FormulaBits\FormulaBit1.csproj", "{0E70BF6B-036E-4F13-81C1-12BC1960C0F5}"
EndProject
Project("{FAE04EC0-301F-11D3-BF4B-00C04F79EFBC}") = "CartesianCoordinateSystem", "CartesianCoordinateSystem\CartesianCoordinateSystem.csproj", "{BD84C582-5148-4D00-B092-8651F89DF8C2}"
EndProject
Project("{FAE04EC0-301F-11D3-BF4B-00C04F79EFBC}") = "MissCat", "MissCat\MissCat.csproj", "{5AA754F1-58C3-472C-A584-75EBE4741E04}"
EndProject
Project("{FAE04EC0-301F-11D3-BF4B-00C04F79EFBC}") = "ForestMap", "ForestMap\ForestMap.csproj", "{3894F395-E99D-4615-ABD9-40ACFFC5C77B}"
EndProject
Project("{FAE04EC0-301F-11D3-BF4B-00C04F79EFBC}") = "BinaryDigitsCount", "BinaryDigitsCount\BinaryDigitsCount.csproj", "{A4CF0AAF-D6BA-40CC-94B4-15658DEB0493}"
EndProject
Project("{FAE04EC0-301F-11D3-BF4B-00C04F79EFBC}") = "Garden", "Garden\Garden.csproj", "{6469B84D-208C-42AE-9EA5-8890E25BA7E8}"
EndProject
Project("{FAE04EC0-301F-11D3-BF4B-00C04F79EFBC}") = "SubsetSum", "SubsetSum\SubsetSum.csproj", "{4794A081-7238-4DD8-B0FB-51F047752207}"
EndProject
Project("{FAE04EC0-301F-11D3-BF4B-00C04F79EFBC}") = "CardWars", "CardWars\CardWars.csproj", "{7C602959-D59B-40B7-AF9D-E69B9925DA95}"
EndProject
Project("{FAE04EC0-301F-11D3-BF4B-00C04F79EFBC}") = "BatGoikoTowers", "BatGoikoTowers\BatGoikoTowers.csproj", "{F4810AC5-197A-4F80-9312-C94CC6D857F9}"
EndProject
Project("{FAE04EC0-301F-11D3-BF4B-00C04F79EFBC}") = "CoffeeVendingMachine", "CoffeeVendingMachine\CoffeeVendingMachine.csproj", "{E86F5DDF-88E4-4919-939F-D8AED9FF5E99}"
EndProject
Project("{FAE04EC0-301F-11D3-BF4B-00C04F79EFBC}") = "BullandCows", "BullandCows\BullandCows.csproj", "{1F4DC712-E307-4D2C-8E69-ECAAF7524E0C}"
EndProject
Project("{FAE04EC0-301F-11D3-BF4B-00C04F79EFBC}") = "DrunkenNumbers", "DrunkenNumbers\DrunkenNumbers.csproj", "{26F1900E-3C35-473C-BE45-9AA01625471E}"
EndProject
Project("{FAE04EC0-301F-11D3-BF4B-00C04F79EFBC}") = "NeuronMapping", "NeuronMapping\NeuronMapping.csproj", "{704D9BB0-3C88-4011-A3AA-0ADF4FE7D02F}"
EndProject
Project("{FAE04EC0-301F-11D3-BF4B-00C04F79EFBC}") = "AstrologicalDigits", "AstrologicalDigits\AstrologicalDigits\AstrologicalDigits.csproj", "{6F6A752F-5D05-4A18-BEF8-2BF25E931ADF}"
EndProject
Project("{FAE04EC0-301F-11D3-BF4B-00C04F79EFBC}") = "MathExpression", "MathExpression\MathExpression.csproj", "{B4614A9F-EABE-4D05-A993-47215E5A7320}"
EndProject
Project("{FAE04EC0-301F-11D3-BF4B-00C04F79EFBC}") = "Trapezoid", "Trapezoid\Trapezoid.csproj", "{23DDB351-FC6F-4A58-AA46-0C7D4CFB5AAE}"
EndProject
Project("{FAE04EC0-301F-11D3-BF4B-00C04F79EFBC}") = "OddNumber", "OddNumber\OddNumber.csproj", "{369545CB-9400-412B-BE6F-2347BC69B870}"
EndProject
Project("{FAE04EC0-301F-11D3-BF4B-00C04F79EFBC}") = "KaspichaniaBoats", "Boats\KaspichaniaBoats.csproj", "{D8EA6FCE-09C7-43D3-B2BA-9301E536E570}"
EndProject
Project("{FAE04EC0-301F-11D3-BF4B-00C04F79EFBC}") = "SecretCode", "SecretCode\SecretCode.csproj", "{1547F14D-E43E-48A6-A40C-3F36D47E767E}"
EndProject
Project("{FAE04EC0-301F-11D3-BF4B-00C04F79EFBC}") = "NightmareOnCodeStreet", "NightmareOnCodeStreet\NightmareOnCodeStreet.csproj", "{F3E3700E-F175-4584-8660-DDCF04F7FCCA}"
EndProject
Project("{FAE04EC0-301F-11D3-BF4B-00C04F79EFBC}") = "PageCookies", "PageCookies\PageCookies.csproj", "{C850D9AE-54FE-4552-94D9-CDED34F3E3BA}"
EndProject
Project("{FAE04EC0-301F-11D3-BF4B-00C04F79EFBC}") = "Enigmanation", "Enigmanation\Enigmanation.csproj", "{8B9A2CDD-D623-4C00-B335-0D5A6FFE5D5E}"
EndProject
Project("{FAE04EC0-301F-11D3-BF4B-00C04F79EFBC}") = "PeaceOfCake", "PeaceOfCake\PeaceOfCake.csproj", "{B8D1BDB6-A45B-4DAD-9896-93D94E8D81FE}"
EndProject
Project("{FAE04EC0-301F-11D3-BF4B-00C04F79EFBC}") = "AngryFemaleGPS", "AngryFemaleGPS\AngryFemaleGPS.csproj", "{1087125F-800C-423D-BF0C-B20E73842858}"
EndProject
Project("{FAE04EC0-301F-11D3-BF4B-00C04F79EFBC}") = "OnesandZeros", "OnesandZeros\OnesandZeros.csproj", "{A809845A-24D0-4AED-8F56-13EF0F13203D}"
EndProject
Global
	GlobalSection(SolutionConfigurationPlatforms) = preSolution
		Debug|Any CPU = Debug|Any CPU
		Release|Any CPU = Release|Any CPU
	EndGlobalSection
	GlobalSection(ProjectConfigurationPlatforms) = postSolution
		{30AF5666-7D90-424F-A945-B238C21A133E}.Debug|Any CPU.ActiveCfg = Debug|Any CPU
		{30AF5666-7D90-424F-A945-B238C21A133E}.Debug|Any CPU.Build.0 = Debug|Any CPU
		{30AF5666-7D90-424F-A945-B238C21A133E}.Release|Any CPU.ActiveCfg = Release|Any CPU
		{30AF5666-7D90-424F-A945-B238C21A133E}.Release|Any CPU.Build.0 = Release|Any CPU
		{9AEFC200-5B14-4836-AFD2-6314D1582BC6}.Debug|Any CPU.ActiveCfg = Debug|Any CPU
		{9AEFC200-5B14-4836-AFD2-6314D1582BC6}.Debug|Any CPU.Build.0 = Debug|Any CPU
		{9AEFC200-5B14-4836-AFD2-6314D1582BC6}.Release|Any CPU.ActiveCfg = Release|Any CPU
		{9AEFC200-5B14-4836-AFD2-6314D1582BC6}.Release|Any CPU.Build.0 = Release|Any CPU
		{07ABB428-9B44-4CA1-9395-CF65E9D74114}.Debug|Any CPU.ActiveCfg = Debug|Any CPU
		{07ABB428-9B44-4CA1-9395-CF65E9D74114}.Debug|Any CPU.Build.0 = Debug|Any CPU
		{07ABB428-9B44-4CA1-9395-CF65E9D74114}.Release|Any CPU.ActiveCfg = Release|Any CPU
		{07ABB428-9B44-4CA1-9395-CF65E9D74114}.Release|Any CPU.Build.0 = Release|Any CPU
		{0E70BF6B-036E-4F13-81C1-12BC1960C0F5}.Debug|Any CPU.ActiveCfg = Debug|Any CPU
		{0E70BF6B-036E-4F13-81C1-12BC1960C0F5}.Debug|Any CPU.Build.0 = Debug|Any CPU
		{0E70BF6B-036E-4F13-81C1-12BC1960C0F5}.Release|Any CPU.ActiveCfg = Release|Any CPU
		{0E70BF6B-036E-4F13-81C1-12BC1960C0F5}.Release|Any CPU.Build.0 = Release|Any CPU
		{BD84C582-5148-4D00-B092-8651F89DF8C2}.Debug|Any CPU.ActiveCfg = Debug|Any CPU
		{BD84C582-5148-4D00-B092-8651F89DF8C2}.Debug|Any CPU.Build.0 = Debug|Any CPU
		{BD84C582-5148-4D00-B092-8651F89DF8C2}.Release|Any CPU.ActiveCfg = Release|Any CPU
		{BD84C582-5148-4D00-B092-8651F89DF8C2}.Release|Any CPU.Build.0 = Release|Any CPU
		{5AA754F1-58C3-472C-A584-75EBE4741E04}.Debug|Any CPU.ActiveCfg = Debug|Any CPU
		{5AA754F1-58C3-472C-A584-75EBE4741E04}.Debug|Any CPU.Build.0 = Debug|Any CPU
		{5AA754F1-58C3-472C-A584-75EBE4741E04}.Release|Any CPU.ActiveCfg = Release|Any CPU
		{5AA754F1-58C3-472C-A584-75EBE4741E04}.Release|Any CPU.Build.0 = Release|Any CPU
		{3894F395-E99D-4615-ABD9-40ACFFC5C77B}.Debug|Any CPU.ActiveCfg = Debug|Any CPU
		{3894F395-E99D-4615-ABD9-40ACFFC5C77B}.Debug|Any CPU.Build.0 = Debug|Any CPU
		{3894F395-E99D-4615-ABD9-40ACFFC5C77B}.Release|Any CPU.ActiveCfg = Release|Any CPU
		{3894F395-E99D-4615-ABD9-40ACFFC5C77B}.Release|Any CPU.Build.0 = Release|Any CPU
		{A4CF0AAF-D6BA-40CC-94B4-15658DEB0493}.Debug|Any CPU.ActiveCfg = Debug|Any CPU
		{A4CF0AAF-D6BA-40CC-94B4-15658DEB0493}.Debug|Any CPU.Build.0 = Debug|Any CPU
		{A4CF0AAF-D6BA-40CC-94B4-15658DEB0493}.Release|Any CPU.ActiveCfg = Release|Any CPU
		{A4CF0AAF-D6BA-40CC-94B4-15658DEB0493}.Release|Any CPU.Build.0 = Release|Any CPU
		{6469B84D-208C-42AE-9EA5-8890E25BA7E8}.Debug|Any CPU.ActiveCfg = Debug|Any CPU
		{6469B84D-208C-42AE-9EA5-8890E25BA7E8}.Debug|Any CPU.Build.0 = Debug|Any CPU
		{6469B84D-208C-42AE-9EA5-8890E25BA7E8}.Release|Any CPU.ActiveCfg = Release|Any CPU
		{6469B84D-208C-42AE-9EA5-8890E25BA7E8}.Release|Any CPU.Build.0 = Release|Any CPU
		{4794A081-7238-4DD8-B0FB-51F047752207}.Debug|Any CPU.ActiveCfg = Debug|Any CPU
		{4794A081-7238-4DD8-B0FB-51F047752207}.Debug|Any CPU.Build.0 = Debug|Any CPU
		{4794A081-7238-4DD8-B0FB-51F047752207}.Release|Any CPU.ActiveCfg = Release|Any CPU
		{4794A081-7238-4DD8-B0FB-51F047752207}.Release|Any CPU.Build.0 = Release|Any CPU
		{7C602959-D59B-40B7-AF9D-E69B9925DA95}.Debug|Any CPU.ActiveCfg = Debug|Any CPU
		{7C602959-D59B-40B7-AF9D-E69B9925DA95}.Debug|Any CPU.Build.0 = Debug|Any CPU
		{7C602959-D59B-40B7-AF9D-E69B9925DA95}.Release|Any CPU.ActiveCfg = Release|Any CPU
		{7C602959-D59B-40B7-AF9D-E69B9925DA95}.Release|Any CPU.Build.0 = Release|Any CPU
		{F4810AC5-197A-4F80-9312-C94CC6D857F9}.Debug|Any CPU.ActiveCfg = Debug|Any CPU
		{F4810AC5-197A-4F80-9312-C94CC6D857F9}.Debug|Any CPU.Build.0 = Debug|Any CPU
		{F4810AC5-197A-4F80-9312-C94CC6D857F9}.Release|Any CPU.ActiveCfg = Release|Any CPU
		{F4810AC5-197A-4F80-9312-C94CC6D857F9}.Release|Any CPU.Build.0 = Release|Any CPU
		{E86F5DDF-88E4-4919-939F-D8AED9FF5E99}.Debug|Any CPU.ActiveCfg = Debug|Any CPU
		{E86F5DDF-88E4-4919-939F-D8AED9FF5E99}.Debug|Any CPU.Build.0 = Debug|Any CPU
		{E86F5DDF-88E4-4919-939F-D8AED9FF5E99}.Release|Any CPU.ActiveCfg = Release|Any CPU
		{E86F5DDF-88E4-4919-939F-D8AED9FF5E99}.Release|Any CPU.Build.0 = Release|Any CPU
		{1F4DC712-E307-4D2C-8E69-ECAAF7524E0C}.Debug|Any CPU.ActiveCfg = Debug|Any CPU
		{1F4DC712-E307-4D2C-8E69-ECAAF7524E0C}.Debug|Any CPU.Build.0 = Debug|Any CPU
		{1F4DC712-E307-4D2C-8E69-ECAAF7524E0C}.Release|Any CPU.ActiveCfg = Release|Any CPU
		{1F4DC712-E307-4D2C-8E69-ECAAF7524E0C}.Release|Any CPU.Build.0 = Release|Any CPU
		{26F1900E-3C35-473C-BE45-9AA01625471E}.Debug|Any CPU.ActiveCfg = Debug|Any CPU
		{26F1900E-3C35-473C-BE45-9AA01625471E}.Debug|Any CPU.Build.0 = Debug|Any CPU
		{26F1900E-3C35-473C-BE45-9AA01625471E}.Release|Any CPU.ActiveCfg = Release|Any CPU
		{26F1900E-3C35-473C-BE45-9AA01625471E}.Release|Any CPU.Build.0 = Release|Any CPU
		{704D9BB0-3C88-4011-A3AA-0ADF4FE7D02F}.Debug|Any CPU.ActiveCfg = Debug|Any CPU
		{704D9BB0-3C88-4011-A3AA-0ADF4FE7D02F}.Debug|Any CPU.Build.0 = Debug|Any CPU
		{704D9BB0-3C88-4011-A3AA-0ADF4FE7D02F}.Release|Any CPU.ActiveCfg = Release|Any CPU
		{704D9BB0-3C88-4011-A3AA-0ADF4FE7D02F}.Release|Any CPU.Build.0 = Release|Any CPU
		{6F6A752F-5D05-4A18-BEF8-2BF25E931ADF}.Debug|Any CPU.ActiveCfg = Debug|Any CPU
		{6F6A752F-5D05-4A18-BEF8-2BF25E931ADF}.Debug|Any CPU.Build.0 = Debug|Any CPU
		{6F6A752F-5D05-4A18-BEF8-2BF25E931ADF}.Release|Any CPU.ActiveCfg = Release|Any CPU
		{6F6A752F-5D05-4A18-BEF8-2BF25E931ADF}.Release|Any CPU.Build.0 = Release|Any CPU
		{B4614A9F-EABE-4D05-A993-47215E5A7320}.Debug|Any CPU.ActiveCfg = Debug|Any CPU
		{B4614A9F-EABE-4D05-A993-47215E5A7320}.Debug|Any CPU.Build.0 = Debug|Any CPU
		{B4614A9F-EABE-4D05-A993-47215E5A7320}.Release|Any CPU.ActiveCfg = Release|Any CPU
		{B4614A9F-EABE-4D05-A993-47215E5A7320}.Release|Any CPU.Build.0 = Release|Any CPU
		{23DDB351-FC6F-4A58-AA46-0C7D4CFB5AAE}.Debug|Any CPU.ActiveCfg = Debug|Any CPU
		{23DDB351-FC6F-4A58-AA46-0C7D4CFB5AAE}.Debug|Any CPU.Build.0 = Debug|Any CPU
		{23DDB351-FC6F-4A58-AA46-0C7D4CFB5AAE}.Release|Any CPU.ActiveCfg = Release|Any CPU
		{23DDB351-FC6F-4A58-AA46-0C7D4CFB5AAE}.Release|Any CPU.Build.0 = Release|Any CPU
		{369545CB-9400-412B-BE6F-2347BC69B870}.Debug|Any CPU.ActiveCfg = Debug|Any CPU
		{369545CB-9400-412B-BE6F-2347BC69B870}.Debug|Any CPU.Build.0 = Debug|Any CPU
		{369545CB-9400-412B-BE6F-2347BC69B870}.Release|Any CPU.ActiveCfg = Release|Any CPU
		{369545CB-9400-412B-BE6F-2347BC69B870}.Release|Any CPU.Build.0 = Release|Any CPU
		{D8EA6FCE-09C7-43D3-B2BA-9301E536E570}.Debug|Any CPU.ActiveCfg = Debug|Any CPU
		{D8EA6FCE-09C7-43D3-B2BA-9301E536E570}.Debug|Any CPU.Build.0 = Debug|Any CPU
		{D8EA6FCE-09C7-43D3-B2BA-9301E536E570}.Release|Any CPU.ActiveCfg = Release|Any CPU
		{D8EA6FCE-09C7-43D3-B2BA-9301E536E570}.Release|Any CPU.Build.0 = Release|Any CPU
		{1547F14D-E43E-48A6-A40C-3F36D47E767E}.Debug|Any CPU.ActiveCfg = Debug|Any CPU
		{1547F14D-E43E-48A6-A40C-3F36D47E767E}.Debug|Any CPU.Build.0 = Debug|Any CPU
		{1547F14D-E43E-48A6-A40C-3F36D47E767E}.Release|Any CPU.ActiveCfg = Release|Any CPU
		{1547F14D-E43E-48A6-A40C-3F36D47E767E}.Release|Any CPU.Build.0 = Release|Any CPU
		{F3E3700E-F175-4584-8660-DDCF04F7FCCA}.Debug|Any CPU.ActiveCfg = Debug|Any CPU
		{F3E3700E-F175-4584-8660-DDCF04F7FCCA}.Debug|Any CPU.Build.0 = Debug|Any CPU
		{F3E3700E-F175-4584-8660-DDCF04F7FCCA}.Release|Any CPU.ActiveCfg = Release|Any CPU
		{F3E3700E-F175-4584-8660-DDCF04F7FCCA}.Release|Any CPU.Build.0 = Release|Any CPU
		{C850D9AE-54FE-4552-94D9-CDED34F3E3BA}.Debug|Any CPU.ActiveCfg = Debug|Any CPU
		{C850D9AE-54FE-4552-94D9-CDED34F3E3BA}.Debug|Any CPU.Build.0 = Debug|Any CPU
		{C850D9AE-54FE-4552-94D9-CDED34F3E3BA}.Release|Any CPU.ActiveCfg = Release|Any CPU
		{C850D9AE-54FE-4552-94D9-CDED34F3E3BA}.Release|Any CPU.Build.0 = Release|Any CPU
		{8B9A2CDD-D623-4C00-B335-0D5A6FFE5D5E}.Debug|Any CPU.ActiveCfg = Debug|Any CPU
		{8B9A2CDD-D623-4C00-B335-0D5A6FFE5D5E}.Debug|Any CPU.Build.0 = Debug|Any CPU
		{8B9A2CDD-D623-4C00-B335-0D5A6FFE5D5E}.Release|Any CPU.ActiveCfg = Release|Any CPU
		{8B9A2CDD-D623-4C00-B335-0D5A6FFE5D5E}.Release|Any CPU.Build.0 = Release|Any CPU
		{B8D1BDB6-A45B-4DAD-9896-93D94E8D81FE}.Debug|Any CPU.ActiveCfg = Debug|Any CPU
		{B8D1BDB6-A45B-4DAD-9896-93D94E8D81FE}.Debug|Any CPU.Build.0 = Debug|Any CPU
		{B8D1BDB6-A45B-4DAD-9896-93D94E8D81FE}.Release|Any CPU.ActiveCfg = Release|Any CPU
		{B8D1BDB6-A45B-4DAD-9896-93D94E8D81FE}.Release|Any CPU.Build.0 = Release|Any CPU
		{1087125F-800C-423D-BF0C-B20E73842858}.Debug|Any CPU.ActiveCfg = Debug|Any CPU
		{1087125F-800C-423D-BF0C-B20E73842858}.Debug|Any CPU.Build.0 = Debug|Any CPU
		{1087125F-800C-423D-BF0C-B20E73842858}.Release|Any CPU.ActiveCfg = Release|Any CPU
		{1087125F-800C-423D-BF0C-B20E73842858}.Release|Any CPU.Build.0 = Release|Any CPU
		{A809845A-24D0-4AED-8F56-13EF0F13203D}.Debug|Any CPU.ActiveCfg = Debug|Any CPU
		{A809845A-24D0-4AED-8F56-13EF0F13203D}.Debug|Any CPU.Build.0 = Debug|Any CPU
		{A809845A-24D0-4AED-8F56-13EF0F13203D}.Release|Any CPU.ActiveCfg = Release|Any CPU
		{A809845A-24D0-4AED-8F56-13EF0F13203D}.Release|Any CPU.Build.0 = Release|Any CPU
	EndGlobalSection
	GlobalSection(SolutionProperties) = preSolution
		HideSolutionNode = FALSE
	EndGlobalSection
EndGlobal
