
Microsoft Visual Studio Solution File, Format Version 12.00
# Visual Studio 2013
VisualStudioVersion = 12.0.30723.0
MinimumVisualStudioVersion = 10.0.40219.1
Project("{FAE04EC0-301F-11D3-BF4B-00C04F79EFBC}") = "FriendsOfPesho", "FriendsOfPesho\FriendsOfPesho.csproj", "{5A60DBDA-63CC-462F-A33B-98292C8A6A9E}"
EndProject
Project("{FAE04EC0-301F-11D3-BF4B-00C04F79EFBC}") = "Salaries", "Salaries\Salaries.csproj", "{E5CBE7CF-9A2A-49F1-AE03-DF9667322AFD}"
EndProject
Project("{FAE04EC0-301F-11D3-BF4B-00C04F79EFBC}") = "CableCompany", "CableCompany\CableCompany.csproj", "{BEE4EB32-A3FF-4DDE-8933-1E866B93AD12}"
EndProject
Project("{FAE04EC0-301F-11D3-BF4B-00C04F79EFBC}") = "GraphLibrary", "GraphLibrary\GraphLibrary.csproj", "{D32B8FE6-5B98-4B37-971B-C210A6E30456}"
EndProject
Global
	GlobalSection(SolutionConfigurationPlatforms) = preSolution
		Debug|Any CPU = Debug|Any CPU
		Release|Any CPU = Release|Any CPU
	EndGlobalSection
	GlobalSection(ProjectConfigurationPlatforms) = postSolution
		{5A60DBDA-63CC-462F-A33B-98292C8A6A9E}.Debug|Any CPU.ActiveCfg = Debug|Any CPU
		{5A60DBDA-63CC-462F-A33B-98292C8A6A9E}.Debug|Any CPU.Build.0 = Debug|Any CPU
		{5A60DBDA-63CC-462F-A33B-98292C8A6A9E}.Release|Any CPU.ActiveCfg = Release|Any CPU
		{5A60DBDA-63CC-462F-A33B-98292C8A6A9E}.Release|Any CPU.Build.0 = Release|Any CPU
		{E5CBE7CF-9A2A-49F1-AE03-DF9667322AFD}.Debug|Any CPU.ActiveCfg = Debug|Any CPU
		{E5CBE7CF-9A2A-49F1-AE03-DF9667322AFD}.Debug|Any CPU.Build.0 = Debug|Any CPU
		{E5CBE7CF-9A2A-49F1-AE03-DF9667322AFD}.Release|Any CPU.ActiveCfg = Release|Any CPU
		{E5CBE7CF-9A2A-49F1-AE03-DF9667322AFD}.Release|Any CPU.Build.0 = Release|Any CPU
		{BEE4EB32-A3FF-4DDE-8933-1E866B93AD12}.Debug|Any CPU.ActiveCfg = Debug|Any CPU
		{BEE4EB32-A3FF-4DDE-8933-1E866B93AD12}.Debug|Any CPU.Build.0 = Debug|Any CPU
		{BEE4EB32-A3FF-4DDE-8933-1E866B93AD12}.Release|Any CPU.ActiveCfg = Release|Any CPU
		{BEE4EB32-A3FF-4DDE-8933-1E866B93AD12}.Release|Any CPU.Build.0 = Release|Any CPU
		{D32B8FE6-5B98-4B37-971B-C210A6E30456}.Debug|Any CPU.ActiveCfg = Debug|Any CPU
		{D32B8FE6-5B98-4B37-971B-C210A6E30456}.Debug|Any CPU.Build.0 = Debug|Any CPU
		{D32B8FE6-5B98-4B37-971B-C210A6E30456}.Release|Any CPU.ActiveCfg = Release|Any CPU
		{D32B8FE6-5B98-4B37-971B-C210A6E30456}.Release|Any CPU.Build.0 = Release|Any CPU
	EndGlobalSection
	GlobalSection(SolutionProperties) = preSolution
		HideSolutionNode = FALSE
	EndGlobalSection
EndGlobal
