
Microsoft Visual Studio Solution File, Format Version 12.00
# Visual Studio 2013
VisualStudioVersion = 12.0.30324.0
MinimumVisualStudioVersion = 10.0.40219.1
Project("{FAE04EC0-301F-11D3-BF4B-00C04F79EFBC}") = "BooleanTest", "BooleanTest\BooleanTest.csproj", "{A96A9EBC-C01E-4C7C-A414-4A444AF73A62}"
EndProject
Project("{FAE04EC0-301F-11D3-BF4B-00C04F79EFBC}") = "People", "People\People.csproj", "{C20566D7-6DEE-4A12-9D8A-96D5B44CA04B}"
EndProject
Project("{FAE04EC0-301F-11D3-BF4B-00C04F79EFBC}") = "MineSweeper", "MineSweeper\MineSweeper.csproj", "{84AE8BEC-CF05-47F4-A007-8E4C5C7AEBCB}"
EndProject
Project("{2150E333-8FDC-42A3-9474-1A3956D46DE8}") = "BrowserCheck", "BrowserCheck", "{0DD7FA27-5E69-43C3-82F4-1AA6D5AA12D7}"
	ProjectSection(SolutionItems) = preProject
		BrowserCheck.js = BrowserCheck.js
	EndProjectSection
EndProject
Global
	GlobalSection(SolutionConfigurationPlatforms) = preSolution
		Debug|Any CPU = Debug|Any CPU
		Release|Any CPU = Release|Any CPU
	EndGlobalSection
	GlobalSection(ProjectConfigurationPlatforms) = postSolution
		{A96A9EBC-C01E-4C7C-A414-4A444AF73A62}.Debug|Any CPU.ActiveCfg = Debug|Any CPU
		{A96A9EBC-C01E-4C7C-A414-4A444AF73A62}.Debug|Any CPU.Build.0 = Debug|Any CPU
		{A96A9EBC-C01E-4C7C-A414-4A444AF73A62}.Release|Any CPU.ActiveCfg = Release|Any CPU
		{A96A9EBC-C01E-4C7C-A414-4A444AF73A62}.Release|Any CPU.Build.0 = Release|Any CPU
		{C20566D7-6DEE-4A12-9D8A-96D5B44CA04B}.Debug|Any CPU.ActiveCfg = Debug|Any CPU
		{C20566D7-6DEE-4A12-9D8A-96D5B44CA04B}.Debug|Any CPU.Build.0 = Debug|Any CPU
		{C20566D7-6DEE-4A12-9D8A-96D5B44CA04B}.Release|Any CPU.ActiveCfg = Release|Any CPU
		{C20566D7-6DEE-4A12-9D8A-96D5B44CA04B}.Release|Any CPU.Build.0 = Release|Any CPU
		{84AE8BEC-CF05-47F4-A007-8E4C5C7AEBCB}.Debug|Any CPU.ActiveCfg = Debug|Any CPU
		{84AE8BEC-CF05-47F4-A007-8E4C5C7AEBCB}.Debug|Any CPU.Build.0 = Debug|Any CPU
		{84AE8BEC-CF05-47F4-A007-8E4C5C7AEBCB}.Release|Any CPU.ActiveCfg = Release|Any CPU
		{84AE8BEC-CF05-47F4-A007-8E4C5C7AEBCB}.Release|Any CPU.Build.0 = Release|Any CPU
	EndGlobalSection
	GlobalSection(SolutionProperties) = preSolution
		HideSolutionNode = FALSE
	EndGlobalSection
EndGlobal
