
Microsoft Visual Studio Solution File, Format Version 12.00
# Visual Studio 2013
VisualStudioVersion = 12.0.21005.1
MinimumVisualStudioVersion = 10.0.40219.1
Project("{FAE04EC0-301F-11D3-BF4B-00C04F79EFBC}") = "1. SquareRoot", "SquareRoot\1. SquareRoot.csproj", "{FE0EBB07-C5B3-4AF5-B0F3-8772DCC5EF9D}"
EndProject
Project("{FAE04EC0-301F-11D3-BF4B-00C04F79EFBC}") = "2. ReadNumberMethod", "ReadNumber\2. ReadNumberMethod.csproj", "{D934AF00-4B38-4337-8B26-ED990CD20DAE}"
EndProject
Project("{FAE04EC0-301F-11D3-BF4B-00C04F79EFBC}") = "3. ReadAllText", "ReadAllText\3. ReadAllText.csproj", "{C96404D7-F3C8-4955-AFFE-34248A617686}"
EndProject
Project("{FAE04EC0-301F-11D3-BF4B-00C04F79EFBC}") = "4. WGet", "WGet\4. WGet.csproj", "{7B4319D3-25E6-49CD-8604-BC019C7D71FA}"
EndProject
Global
	GlobalSection(SolutionConfigurationPlatforms) = preSolution
		Debug|Any CPU = Debug|Any CPU
		Release|Any CPU = Release|Any CPU
	EndGlobalSection
	GlobalSection(ProjectConfigurationPlatforms) = postSolution
		{FE0EBB07-C5B3-4AF5-B0F3-8772DCC5EF9D}.Debug|Any CPU.ActiveCfg = Debug|Any CPU
		{FE0EBB07-C5B3-4AF5-B0F3-8772DCC5EF9D}.Debug|Any CPU.Build.0 = Debug|Any CPU
		{FE0EBB07-C5B3-4AF5-B0F3-8772DCC5EF9D}.Release|Any CPU.ActiveCfg = Release|Any CPU
		{FE0EBB07-C5B3-4AF5-B0F3-8772DCC5EF9D}.Release|Any CPU.Build.0 = Release|Any CPU
		{D934AF00-4B38-4337-8B26-ED990CD20DAE}.Debug|Any CPU.ActiveCfg = Debug|Any CPU
		{D934AF00-4B38-4337-8B26-ED990CD20DAE}.Debug|Any CPU.Build.0 = Debug|Any CPU
		{D934AF00-4B38-4337-8B26-ED990CD20DAE}.Release|Any CPU.ActiveCfg = Release|Any CPU
		{D934AF00-4B38-4337-8B26-ED990CD20DAE}.Release|Any CPU.Build.0 = Release|Any CPU
		{C96404D7-F3C8-4955-AFFE-34248A617686}.Debug|Any CPU.ActiveCfg = Debug|Any CPU
		{C96404D7-F3C8-4955-AFFE-34248A617686}.Debug|Any CPU.Build.0 = Debug|Any CPU
		{C96404D7-F3C8-4955-AFFE-34248A617686}.Release|Any CPU.ActiveCfg = Release|Any CPU
		{C96404D7-F3C8-4955-AFFE-34248A617686}.Release|Any CPU.Build.0 = Release|Any CPU
		{7B4319D3-25E6-49CD-8604-BC019C7D71FA}.Debug|Any CPU.ActiveCfg = Debug|Any CPU
		{7B4319D3-25E6-49CD-8604-BC019C7D71FA}.Debug|Any CPU.Build.0 = Debug|Any CPU
		{7B4319D3-25E6-49CD-8604-BC019C7D71FA}.Release|Any CPU.ActiveCfg = Release|Any CPU
		{7B4319D3-25E6-49CD-8604-BC019C7D71FA}.Release|Any CPU.Build.0 = Release|Any CPU
	EndGlobalSection
	GlobalSection(SolutionProperties) = preSolution
		HideSolutionNode = FALSE
	EndGlobalSection
EndGlobal
