
Microsoft Visual Studio Solution File, Format Version 12.00
# Visual Studio 2013
VisualStudioVersion = 12.0.30723.0
MinimumVisualStudioVersion = 10.0.40219.1
Project("{FAE04EC0-301F-11D3-BF4B-00C04F79EFBC}") = "RandomDataGenerator", "RandomDataGenerator\RandomDataGenerator.csproj", "{139E70F5-3A75-4926-84B2-2885BDB628DB}"
EndProject
Project("{FAE04EC0-301F-11D3-BF4B-00C04F79EFBC}") = "Company.Data", "Company.Data\Company.Data.csproj", "{57533FF8-CA42-4ADA-8B8E-40F5CDC89D85}"
EndProject
Project("{FAE04EC0-301F-11D3-BF4B-00C04F79EFBC}") = "Company.SampleDataGenerator", "Company.SampleDataGenerator\Company.SampleDataGenerator.csproj", "{195E935D-0286-46ED-8979-169BB2C4F3BA}"
EndProject
Project("{FAE04EC0-301F-11D3-BF4B-00C04F79EFBC}") = "Company.SampleDataGenerator.ConsoleClient", "Company.SampleDataGenerator.ConsoleClient\Company.SampleDataGenerator.ConsoleClient.csproj", "{AFE93137-5ECA-49CE-868C-ABCEDD0C7414}"
EndProject
Project("{2150E333-8FDC-42A3-9474-1A3956D46DE8}") = ".nuget", ".nuget", "{E87A5A44-51A1-4A4D-90F8-58F12CC0DCCD}"
	ProjectSection(SolutionItems) = preProject
		.nuget\NuGet.Config = .nuget\NuGet.Config
		.nuget\NuGet.exe = .nuget\NuGet.exe
		.nuget\NuGet.targets = .nuget\NuGet.targets
	EndProjectSection
EndProject
Global
	GlobalSection(SolutionConfigurationPlatforms) = preSolution
		Debug|Any CPU = Debug|Any CPU
		Release|Any CPU = Release|Any CPU
	EndGlobalSection
	GlobalSection(ProjectConfigurationPlatforms) = postSolution
		{139E70F5-3A75-4926-84B2-2885BDB628DB}.Debug|Any CPU.ActiveCfg = Debug|Any CPU
		{139E70F5-3A75-4926-84B2-2885BDB628DB}.Debug|Any CPU.Build.0 = Debug|Any CPU
		{139E70F5-3A75-4926-84B2-2885BDB628DB}.Release|Any CPU.ActiveCfg = Release|Any CPU
		{139E70F5-3A75-4926-84B2-2885BDB628DB}.Release|Any CPU.Build.0 = Release|Any CPU
		{57533FF8-CA42-4ADA-8B8E-40F5CDC89D85}.Debug|Any CPU.ActiveCfg = Debug|Any CPU
		{57533FF8-CA42-4ADA-8B8E-40F5CDC89D85}.Debug|Any CPU.Build.0 = Debug|Any CPU
		{57533FF8-CA42-4ADA-8B8E-40F5CDC89D85}.Release|Any CPU.ActiveCfg = Release|Any CPU
		{57533FF8-CA42-4ADA-8B8E-40F5CDC89D85}.Release|Any CPU.Build.0 = Release|Any CPU
		{195E935D-0286-46ED-8979-169BB2C4F3BA}.Debug|Any CPU.ActiveCfg = Debug|Any CPU
		{195E935D-0286-46ED-8979-169BB2C4F3BA}.Debug|Any CPU.Build.0 = Debug|Any CPU
		{195E935D-0286-46ED-8979-169BB2C4F3BA}.Release|Any CPU.ActiveCfg = Release|Any CPU
		{195E935D-0286-46ED-8979-169BB2C4F3BA}.Release|Any CPU.Build.0 = Release|Any CPU
		{AFE93137-5ECA-49CE-868C-ABCEDD0C7414}.Debug|Any CPU.ActiveCfg = Debug|Any CPU
		{AFE93137-5ECA-49CE-868C-ABCEDD0C7414}.Debug|Any CPU.Build.0 = Debug|Any CPU
		{AFE93137-5ECA-49CE-868C-ABCEDD0C7414}.Release|Any CPU.ActiveCfg = Release|Any CPU
		{AFE93137-5ECA-49CE-868C-ABCEDD0C7414}.Release|Any CPU.Build.0 = Release|Any CPU
	EndGlobalSection
	GlobalSection(SolutionProperties) = preSolution
		HideSolutionNode = FALSE
	EndGlobalSection
EndGlobal
