
Microsoft Visual Studio Solution File, Format Version 12.00
# Visual Studio 2013
VisualStudioVersion = 12.0.30501.0
MinimumVisualStudioVersion = 10.0.40219.1
Project("{FAE04EC0-301F-11D3-BF4B-00C04F79EFBC}") = "1. NestedLoopsN", "NestedLoopsN\1. NestedLoopsN.csproj", "{B4041D32-5343-45A4-8D10-91C73CBC95A5}"
EndProject
Project("{FAE04EC0-301F-11D3-BF4B-00C04F79EFBC}") = "3. CombinationsWithoutDuplicates", "CombinationsWithoutDuplicates\3. CombinationsWithoutDuplicates.csproj", "{C252122D-1358-4FAA-B14D-9EA7C56CC8AA}"
EndProject
Project("{FAE04EC0-301F-11D3-BF4B-00C04F79EFBC}") = "2. CombinationsWithDuplicates", "CombinationsWithDuplicates\2. CombinationsWithDuplicates.csproj", "{6498F194-7AE6-4F96-B31C-5E6116091058}"
EndProject
Project("{FAE04EC0-301F-11D3-BF4B-00C04F79EFBC}") = "4. AllPermutations", "AllPermutations\4. AllPermutations.csproj", "{9E8F919D-3316-4908-BB09-FA5ECAC67A24}"
EndProject
Project("{FAE04EC0-301F-11D3-BF4B-00C04F79EFBC}") = "5. AllOrderedKsubNelements", "AllOrderedKsubNelements\5. AllOrderedKsubNelements.csproj", "{F7F0ED33-8B1F-4C41-9BF9-556AEE6E4127}"
EndProject
Project("{FAE04EC0-301F-11D3-BF4B-00C04F79EFBC}") = "12. EightQueenPuzzle", "EightQueenPuzzle\12. EightQueenPuzzle.csproj", "{83008BD6-131C-4C9A-A90B-5D1319050DB7}"
EndProject
Project("{FAE04EC0-301F-11D3-BF4B-00C04F79EFBC}") = "7. FindAllPathsInLabyrinth", "FindAllPathsInLabyrinth\7. FindAllPathsInLabyrinth.csproj", "{3907FAD7-95E5-4DCA-B854-9695AC2134A7}"
EndProject
Project("{FAE04EC0-301F-11D3-BF4B-00C04F79EFBC}") = "8. FindAtLeastOnePathInLabyrinth", "FindAtLeastOnePathInLabyrinth\8. FindAtLeastOnePathInLabyrinth.csproj", "{3CE4389B-2389-46D6-A0CF-952FDE7BBA73}"
EndProject
Project("{FAE04EC0-301F-11D3-BF4B-00C04F79EFBC}") = "9. LargestConnectedAreaInLabyrinth", "LargestConnectedAreaInLabyrinth\9. LargestConnectedAreaInLabyrinth.csproj", "{4EF60DE8-3705-4989-BB5E-CFB1478EB5D2}"
EndProject
Project("{FAE04EC0-301F-11D3-BF4B-00C04F79EFBC}") = "10. FindAllPassableAreas", "FindAllPassableAreas\10. FindAllPassableAreas.csproj", "{B83C6804-145A-4109-9C61-4793A06A159F}"
EndProject
Global
	GlobalSection(SolutionConfigurationPlatforms) = preSolution
		Debug|Any CPU = Debug|Any CPU
		Release|Any CPU = Release|Any CPU
	EndGlobalSection
	GlobalSection(ProjectConfigurationPlatforms) = postSolution
		{B4041D32-5343-45A4-8D10-91C73CBC95A5}.Debug|Any CPU.ActiveCfg = Debug|Any CPU
		{B4041D32-5343-45A4-8D10-91C73CBC95A5}.Debug|Any CPU.Build.0 = Debug|Any CPU
		{B4041D32-5343-45A4-8D10-91C73CBC95A5}.Release|Any CPU.ActiveCfg = Release|Any CPU
		{B4041D32-5343-45A4-8D10-91C73CBC95A5}.Release|Any CPU.Build.0 = Release|Any CPU
		{C252122D-1358-4FAA-B14D-9EA7C56CC8AA}.Debug|Any CPU.ActiveCfg = Debug|Any CPU
		{C252122D-1358-4FAA-B14D-9EA7C56CC8AA}.Debug|Any CPU.Build.0 = Debug|Any CPU
		{C252122D-1358-4FAA-B14D-9EA7C56CC8AA}.Release|Any CPU.ActiveCfg = Release|Any CPU
		{C252122D-1358-4FAA-B14D-9EA7C56CC8AA}.Release|Any CPU.Build.0 = Release|Any CPU
		{6498F194-7AE6-4F96-B31C-5E6116091058}.Debug|Any CPU.ActiveCfg = Debug|Any CPU
		{6498F194-7AE6-4F96-B31C-5E6116091058}.Debug|Any CPU.Build.0 = Debug|Any CPU
		{6498F194-7AE6-4F96-B31C-5E6116091058}.Release|Any CPU.ActiveCfg = Release|Any CPU
		{6498F194-7AE6-4F96-B31C-5E6116091058}.Release|Any CPU.Build.0 = Release|Any CPU
		{9E8F919D-3316-4908-BB09-FA5ECAC67A24}.Debug|Any CPU.ActiveCfg = Debug|Any CPU
		{9E8F919D-3316-4908-BB09-FA5ECAC67A24}.Debug|Any CPU.Build.0 = Debug|Any CPU
		{9E8F919D-3316-4908-BB09-FA5ECAC67A24}.Release|Any CPU.ActiveCfg = Release|Any CPU
		{9E8F919D-3316-4908-BB09-FA5ECAC67A24}.Release|Any CPU.Build.0 = Release|Any CPU
		{F7F0ED33-8B1F-4C41-9BF9-556AEE6E4127}.Debug|Any CPU.ActiveCfg = Debug|Any CPU
		{F7F0ED33-8B1F-4C41-9BF9-556AEE6E4127}.Debug|Any CPU.Build.0 = Debug|Any CPU
		{F7F0ED33-8B1F-4C41-9BF9-556AEE6E4127}.Release|Any CPU.ActiveCfg = Release|Any CPU
		{F7F0ED33-8B1F-4C41-9BF9-556AEE6E4127}.Release|Any CPU.Build.0 = Release|Any CPU
		{83008BD6-131C-4C9A-A90B-5D1319050DB7}.Debug|Any CPU.ActiveCfg = Debug|Any CPU
		{83008BD6-131C-4C9A-A90B-5D1319050DB7}.Debug|Any CPU.Build.0 = Debug|Any CPU
		{83008BD6-131C-4C9A-A90B-5D1319050DB7}.Release|Any CPU.ActiveCfg = Release|Any CPU
		{83008BD6-131C-4C9A-A90B-5D1319050DB7}.Release|Any CPU.Build.0 = Release|Any CPU
		{3907FAD7-95E5-4DCA-B854-9695AC2134A7}.Debug|Any CPU.ActiveCfg = Debug|Any CPU
		{3907FAD7-95E5-4DCA-B854-9695AC2134A7}.Debug|Any CPU.Build.0 = Debug|Any CPU
		{3907FAD7-95E5-4DCA-B854-9695AC2134A7}.Release|Any CPU.ActiveCfg = Release|Any CPU
		{3907FAD7-95E5-4DCA-B854-9695AC2134A7}.Release|Any CPU.Build.0 = Release|Any CPU
		{3CE4389B-2389-46D6-A0CF-952FDE7BBA73}.Debug|Any CPU.ActiveCfg = Debug|Any CPU
		{3CE4389B-2389-46D6-A0CF-952FDE7BBA73}.Debug|Any CPU.Build.0 = Debug|Any CPU
		{3CE4389B-2389-46D6-A0CF-952FDE7BBA73}.Release|Any CPU.ActiveCfg = Release|Any CPU
		{3CE4389B-2389-46D6-A0CF-952FDE7BBA73}.Release|Any CPU.Build.0 = Release|Any CPU
		{4EF60DE8-3705-4989-BB5E-CFB1478EB5D2}.Debug|Any CPU.ActiveCfg = Debug|Any CPU
		{4EF60DE8-3705-4989-BB5E-CFB1478EB5D2}.Debug|Any CPU.Build.0 = Debug|Any CPU
		{4EF60DE8-3705-4989-BB5E-CFB1478EB5D2}.Release|Any CPU.ActiveCfg = Release|Any CPU
		{4EF60DE8-3705-4989-BB5E-CFB1478EB5D2}.Release|Any CPU.Build.0 = Release|Any CPU
		{B83C6804-145A-4109-9C61-4793A06A159F}.Debug|Any CPU.ActiveCfg = Debug|Any CPU
		{B83C6804-145A-4109-9C61-4793A06A159F}.Debug|Any CPU.Build.0 = Debug|Any CPU
		{B83C6804-145A-4109-9C61-4793A06A159F}.Release|Any CPU.ActiveCfg = Release|Any CPU
		{B83C6804-145A-4109-9C61-4793A06A159F}.Release|Any CPU.Build.0 = Release|Any CPU
	EndGlobalSection
	GlobalSection(SolutionProperties) = preSolution
		HideSolutionNode = FALSE
	EndGlobalSection
EndGlobal
