
Microsoft Visual Studio Solution File, Format Version 12.00
# Visual Studio 2013
VisualStudioVersion = 12.0.30723.0
MinimumVisualStudioVersion = 10.0.40219.1
Project("{2150E333-8FDC-42A3-9474-1A3956D46DE8}") = ".nuget", ".nuget", "{7D41C37D-3699-48AE-B4F0-3737E00A36D3}"
	ProjectSection(SolutionItems) = preProject
		.nuget\NuGet.Config = .nuget\NuGet.Config
		.nuget\NuGet.exe = .nuget\NuGet.exe
		.nuget\NuGet.targets = .nuget\NuGet.targets
	EndProjectSection
EndProject
Project("{FAE04EC0-301F-11D3-BF4B-00C04F79EFBC}") = "BullsAndCows.Data", "BullsAndCows.Data\BullsAndCows.Data.csproj", "{21F5BFB4-86CB-410F-8CA7-B94B66D0D010}"
EndProject
Project("{FAE04EC0-301F-11D3-BF4B-00C04F79EFBC}") = "BullsAndCows.IntegrationTests", "BullsAndCows.IntegrationTests\BullsAndCows.IntegrationTests.csproj", "{6B1E30DE-5EB2-4D88-AB18-24F9FC0E07B6}"
EndProject
Project("{FAE04EC0-301F-11D3-BF4B-00C04F79EFBC}") = "BullsAndCows.Logic", "BullsAndCows.Logic\BullsAndCows.Logic.csproj", "{E28D903F-AC25-4ED8-B2D8-F9CE41557E4C}"
EndProject
Project("{FAE04EC0-301F-11D3-BF4B-00C04F79EFBC}") = "BullsAndCows.Models", "BullsAndCows.Models\BullsAndCows.Models.csproj", "{D27F4742-CB35-40E6-89BF-875012092514}"
EndProject
Project("{FAE04EC0-301F-11D3-BF4B-00C04F79EFBC}") = "BullsAndCows.WebServices", "BullsAndCows.WebServices\BullsAndCows.WebServices.csproj", "{3CE3C0AB-C681-4B9B-802E-2291ED0FD81B}"
EndProject
Global
	GlobalSection(SolutionConfigurationPlatforms) = preSolution
		Debug|Any CPU = Debug|Any CPU
		Release|Any CPU = Release|Any CPU
	EndGlobalSection
	GlobalSection(ProjectConfigurationPlatforms) = postSolution
		{21F5BFB4-86CB-410F-8CA7-B94B66D0D010}.Debug|Any CPU.ActiveCfg = Debug|Any CPU
		{21F5BFB4-86CB-410F-8CA7-B94B66D0D010}.Debug|Any CPU.Build.0 = Debug|Any CPU
		{21F5BFB4-86CB-410F-8CA7-B94B66D0D010}.Release|Any CPU.ActiveCfg = Release|Any CPU
		{21F5BFB4-86CB-410F-8CA7-B94B66D0D010}.Release|Any CPU.Build.0 = Release|Any CPU
		{6B1E30DE-5EB2-4D88-AB18-24F9FC0E07B6}.Debug|Any CPU.ActiveCfg = Debug|Any CPU
		{6B1E30DE-5EB2-4D88-AB18-24F9FC0E07B6}.Debug|Any CPU.Build.0 = Debug|Any CPU
		{6B1E30DE-5EB2-4D88-AB18-24F9FC0E07B6}.Release|Any CPU.ActiveCfg = Release|Any CPU
		{6B1E30DE-5EB2-4D88-AB18-24F9FC0E07B6}.Release|Any CPU.Build.0 = Release|Any CPU
		{E28D903F-AC25-4ED8-B2D8-F9CE41557E4C}.Debug|Any CPU.ActiveCfg = Debug|Any CPU
		{E28D903F-AC25-4ED8-B2D8-F9CE41557E4C}.Debug|Any CPU.Build.0 = Debug|Any CPU
		{E28D903F-AC25-4ED8-B2D8-F9CE41557E4C}.Release|Any CPU.ActiveCfg = Release|Any CPU
		{E28D903F-AC25-4ED8-B2D8-F9CE41557E4C}.Release|Any CPU.Build.0 = Release|Any CPU
		{D27F4742-CB35-40E6-89BF-875012092514}.Debug|Any CPU.ActiveCfg = Debug|Any CPU
		{D27F4742-CB35-40E6-89BF-875012092514}.Debug|Any CPU.Build.0 = Debug|Any CPU
		{D27F4742-CB35-40E6-89BF-875012092514}.Release|Any CPU.ActiveCfg = Release|Any CPU
		{D27F4742-CB35-40E6-89BF-875012092514}.Release|Any CPU.Build.0 = Release|Any CPU
		{3CE3C0AB-C681-4B9B-802E-2291ED0FD81B}.Debug|Any CPU.ActiveCfg = Debug|Any CPU
		{3CE3C0AB-C681-4B9B-802E-2291ED0FD81B}.Debug|Any CPU.Build.0 = Debug|Any CPU
		{3CE3C0AB-C681-4B9B-802E-2291ED0FD81B}.Release|Any CPU.ActiveCfg = Release|Any CPU
		{3CE3C0AB-C681-4B9B-802E-2291ED0FD81B}.Release|Any CPU.Build.0 = Release|Any CPU
	EndGlobalSection
	GlobalSection(SolutionProperties) = preSolution
		HideSolutionNode = FALSE
	EndGlobalSection
EndGlobal
