
Microsoft Visual Studio Solution File, Format Version 12.00
# Visual Studio 2013
VisualStudioVersion = 12.0.30723.0
MinimumVisualStudioVersion = 10.0.40219.1
Project("{FAE04EC0-301F-11D3-BF4B-00C04F79EFBC}") = "World", "World\World.csproj", "{981912F9-1B45-4E62-9BA3-0126FA604AFA}"
EndProject
Project("{FAE04EC0-301F-11D3-BF4B-00C04F79EFBC}") = "World.Data", "World.Data\World.Data.csproj", "{BFFB86C4-E2D3-482D-88A7-848179275382}"
EndProject
Global
	GlobalSection(SolutionConfigurationPlatforms) = preSolution
		Debug|Any CPU = Debug|Any CPU
		Release|Any CPU = Release|Any CPU
	EndGlobalSection
	GlobalSection(ProjectConfigurationPlatforms) = postSolution
		{981912F9-1B45-4E62-9BA3-0126FA604AFA}.Debug|Any CPU.ActiveCfg = Debug|Any CPU
		{981912F9-1B45-4E62-9BA3-0126FA604AFA}.Debug|Any CPU.Build.0 = Debug|Any CPU
		{981912F9-1B45-4E62-9BA3-0126FA604AFA}.Release|Any CPU.ActiveCfg = Release|Any CPU
		{981912F9-1B45-4E62-9BA3-0126FA604AFA}.Release|Any CPU.Build.0 = Release|Any CPU
		{BFFB86C4-E2D3-482D-88A7-848179275382}.Debug|Any CPU.ActiveCfg = Debug|Any CPU
		{BFFB86C4-E2D3-482D-88A7-848179275382}.Debug|Any CPU.Build.0 = Debug|Any CPU
		{BFFB86C4-E2D3-482D-88A7-848179275382}.Release|Any CPU.ActiveCfg = Release|Any CPU
		{BFFB86C4-E2D3-482D-88A7-848179275382}.Release|Any CPU.Build.0 = Release|Any CPU
	EndGlobalSection
	GlobalSection(SolutionProperties) = preSolution
		HideSolutionNode = FALSE
	EndGlobalSection
EndGlobal
