
Microsoft Visual Studio Solution File, Format Version 12.00
# Visual Studio 2013
VisualStudioVersion = 12.0.30723.0
MinimumVisualStudioVersion = 10.0.40219.1
Project("{FAE04EC0-301F-11D3-BF4B-00C04F79EFBC}") = "ToyStore.Data", "ToyStore.Data\ToyStore.Data.csproj", "{C475119E-32EF-4960-AEFC-C67A51672F97}"
EndProject
Project("{FAE04EC0-301F-11D3-BF4B-00C04F79EFBC}") = "Bookstore.Model", "Bookstore.Model\Bookstore.Model.csproj", "{B61C6722-2A5C-49A4-BD4C-87BB31D5E009}"
EndProject
Project("{FAE04EC0-301F-11D3-BF4B-00C04F79EFBC}") = "Bookstore.Data", "Bookstore.Data\Bookstore.Data.csproj", "{6D982FF2-CD5D-4200-BF4E-4832062A8A2C}"
EndProject
Project("{FAE04EC0-301F-11D3-BF4B-00C04F79EFBC}") = "Bookstore.Test", "Bookstore.Test\Bookstore.Test.csproj", "{DDE32947-35A1-47BD-B49A-59F1C8F7F43B}"
EndProject
Project("{FAE04EC0-301F-11D3-BF4B-00C04F79EFBC}") = "Bookstore.XmlImport", "Bookstore.XmlImport\Bookstore.XmlImport.csproj", "{DD6788D0-6E32-4D7A-A6CD-B94A27689248}"
EndProject
Project("{FAE04EC0-301F-11D3-BF4B-00C04F79EFBC}") = "ToyStore.GenerateSampleData", "ToyStore.GenerateSampleData\ToyStore.GenerateSampleData.csproj", "{7D8FA16E-A202-49C3-A25A-F8987F158BDA}"
EndProject
Project("{FAE04EC0-301F-11D3-BF4B-00C04F79EFBC}") = "BookStore.SearchQueries", "BookStore.SearchQueries\BookStore.SearchQueries.csproj", "{BC9A9AAC-7E3F-48BD-A330-256DA5E077FE}"
EndProject
Project("{2150E333-8FDC-42A3-9474-1A3956D46DE8}") = ".nuget", ".nuget", "{E036DFB2-3B81-4C52-A93E-004FB3BD72AE}"
	ProjectSection(SolutionItems) = preProject
		.nuget\NuGet.Config = .nuget\NuGet.Config
		.nuget\NuGet.exe = .nuget\NuGet.exe
		.nuget\NuGet.targets = .nuget\NuGet.targets
	EndProjectSection
EndProject
Global
	GlobalSection(SolutionConfigurationPlatforms) = preSolution
		Debug|Any CPU = Debug|Any CPU
		Release|Any CPU = Release|Any CPU
	EndGlobalSection
	GlobalSection(ProjectConfigurationPlatforms) = postSolution
		{C475119E-32EF-4960-AEFC-C67A51672F97}.Debug|Any CPU.ActiveCfg = Debug|Any CPU
		{C475119E-32EF-4960-AEFC-C67A51672F97}.Debug|Any CPU.Build.0 = Debug|Any CPU
		{C475119E-32EF-4960-AEFC-C67A51672F97}.Release|Any CPU.ActiveCfg = Release|Any CPU
		{C475119E-32EF-4960-AEFC-C67A51672F97}.Release|Any CPU.Build.0 = Release|Any CPU
		{B61C6722-2A5C-49A4-BD4C-87BB31D5E009}.Debug|Any CPU.ActiveCfg = Debug|Any CPU
		{B61C6722-2A5C-49A4-BD4C-87BB31D5E009}.Debug|Any CPU.Build.0 = Debug|Any CPU
		{B61C6722-2A5C-49A4-BD4C-87BB31D5E009}.Release|Any CPU.ActiveCfg = Release|Any CPU
		{B61C6722-2A5C-49A4-BD4C-87BB31D5E009}.Release|Any CPU.Build.0 = Release|Any CPU
		{6D982FF2-CD5D-4200-BF4E-4832062A8A2C}.Debug|Any CPU.ActiveCfg = Debug|Any CPU
		{6D982FF2-CD5D-4200-BF4E-4832062A8A2C}.Debug|Any CPU.Build.0 = Debug|Any CPU
		{6D982FF2-CD5D-4200-BF4E-4832062A8A2C}.Release|Any CPU.ActiveCfg = Release|Any CPU
		{6D982FF2-CD5D-4200-BF4E-4832062A8A2C}.Release|Any CPU.Build.0 = Release|Any CPU
		{DDE32947-35A1-47BD-B49A-59F1C8F7F43B}.Debug|Any CPU.ActiveCfg = Debug|Any CPU
		{DDE32947-35A1-47BD-B49A-59F1C8F7F43B}.Debug|Any CPU.Build.0 = Debug|Any CPU
		{DDE32947-35A1-47BD-B49A-59F1C8F7F43B}.Release|Any CPU.ActiveCfg = Release|Any CPU
		{DDE32947-35A1-47BD-B49A-59F1C8F7F43B}.Release|Any CPU.Build.0 = Release|Any CPU
		{DD6788D0-6E32-4D7A-A6CD-B94A27689248}.Debug|Any CPU.ActiveCfg = Debug|Any CPU
		{DD6788D0-6E32-4D7A-A6CD-B94A27689248}.Debug|Any CPU.Build.0 = Debug|Any CPU
		{DD6788D0-6E32-4D7A-A6CD-B94A27689248}.Release|Any CPU.ActiveCfg = Release|Any CPU
		{DD6788D0-6E32-4D7A-A6CD-B94A27689248}.Release|Any CPU.Build.0 = Release|Any CPU
		{7D8FA16E-A202-49C3-A25A-F8987F158BDA}.Debug|Any CPU.ActiveCfg = Debug|Any CPU
		{7D8FA16E-A202-49C3-A25A-F8987F158BDA}.Debug|Any CPU.Build.0 = Debug|Any CPU
		{7D8FA16E-A202-49C3-A25A-F8987F158BDA}.Release|Any CPU.ActiveCfg = Release|Any CPU
		{7D8FA16E-A202-49C3-A25A-F8987F158BDA}.Release|Any CPU.Build.0 = Release|Any CPU
		{BC9A9AAC-7E3F-48BD-A330-256DA5E077FE}.Debug|Any CPU.ActiveCfg = Debug|Any CPU
		{BC9A9AAC-7E3F-48BD-A330-256DA5E077FE}.Debug|Any CPU.Build.0 = Debug|Any CPU
		{BC9A9AAC-7E3F-48BD-A330-256DA5E077FE}.Release|Any CPU.ActiveCfg = Release|Any CPU
		{BC9A9AAC-7E3F-48BD-A330-256DA5E077FE}.Release|Any CPU.Build.0 = Release|Any CPU
	EndGlobalSection
	GlobalSection(SolutionProperties) = preSolution
		HideSolutionNode = FALSE
	EndGlobalSection
EndGlobal
