
Microsoft Visual Studio Solution File, Format Version 12.00
# Visual Studio 2013
VisualStudioVersion = 12.0.30723.0
MinimumVisualStudioVersion = 10.0.40219.1
Project("{FAE04EC0-301F-11D3-BF4B-00C04F79EFBC}") = "Sudoku", "BGCODER\Sudoku.csproj", "{15FFA2F7-27D2-4661-9068-2F1D18801256}"
EndProject
Project("{FAE04EC0-301F-11D3-BF4B-00C04F79EFBC}") = "CatalanNumbers", "CatalanNumbers\CatalanNumbers.csproj", "{F0B37B4A-A9D0-44C0-86B7-05E3F3593C24}"
EndProject
Project("{FAE04EC0-301F-11D3-BF4B-00C04F79EFBC}") = "BracketsDP", "BracketsDP\BracketsDP.csproj", "{76C88232-6059-42D5-91D8-F699C10106BE}"
EndProject
Project("{FAE04EC0-301F-11D3-BF4B-00C04F79EFBC}") = "Guitar", "Guitar\Guitar.csproj", "{DDCA8DEE-A41B-45E5-8AF4-B58C00B9B468}"
EndProject
Project("{FAE04EC0-301F-11D3-BF4B-00C04F79EFBC}") = "MoveForJoy", "MoveForJoy\MoveForJoy.csproj", "{4A6A199F-7EF8-403C-B954-565B61C82A9C}"
EndProject
Project("{FAE04EC0-301F-11D3-BF4B-00C04F79EFBC}") = "MaximalPath", "MaximalPath\MaximalPath.csproj", "{7B0C6789-A635-47EA-BF2A-04C267C1FFA2}"
EndProject
Project("{FAE04EC0-301F-11D3-BF4B-00C04F79EFBC}") = "Food", "Food\Food.csproj", "{561CD0E6-789E-4694-9DA9-78D22620DD67}"
EndProject
Project("{FAE04EC0-301F-11D3-BF4B-00C04F79EFBC}") = "Frames", "Frames\Frames.csproj", "{54507B64-8D5D-4447-AE3F-DB11CC2CD1FD}"
EndProject
Project("{FAE04EC0-301F-11D3-BF4B-00C04F79EFBC}") = "3DLabirynth", "3DLabirynth\3DLabirynth.csproj", "{B4775F85-9876-450F-B3F2-A423B8DDA4EF}"
EndProject
Project("{FAE04EC0-301F-11D3-BF4B-00C04F79EFBC}") = "FriendsOfPesho", "FriendsOfPesho\FriendsOfPesho.csproj", "{5A60DBDA-63CC-462F-A33B-98292C8A6A9E}"
EndProject
Project("{FAE04EC0-301F-11D3-BF4B-00C04F79EFBC}") = "GraphLibrary", "GraphLibrary\GraphLibrary.csproj", "{D32B8FE6-5B98-4B37-971B-C210A6E30456}"
EndProject
Project("{FAE04EC0-301F-11D3-BF4B-00C04F79EFBC}") = "SuperMarketQueue", "SuperMarketQueue\SuperMarketQueue.csproj", "{AF498E93-075C-48D7-8CD5-42487F81420B}"
EndProject
Project("{FAE04EC0-301F-11D3-BF4B-00C04F79EFBC}") = "Energo", "Energo\Energo.csproj", "{30C5E85F-4441-461C-8C69-21CDE46D3207}"
EndProject
Project("{FAE04EC0-301F-11D3-BF4B-00C04F79EFBC}") = "LinkedOut", "LinkedOut\LinkedOut.csproj", "{292B4C4C-31A5-4090-8EA9-FCB5FDB1C232}"
EndProject
Project("{FAE04EC0-301F-11D3-BF4B-00C04F79EFBC}") = "ShoppingCenter", "ShoppingCenter\ShoppingCenter.csproj", "{59E6A1C0-A261-457B-8845-955CA20B8CC5}"
EndProject
Project("{FAE04EC0-301F-11D3-BF4B-00C04F79EFBC}") = "Crossword", "Crossword\Crossword.csproj", "{ECA642E6-2963-4207-AD7F-7A9095A6AC87}"
EndProject
Project("{FAE04EC0-301F-11D3-BF4B-00C04F79EFBC}") = "TicTacToe", "TicTacToe\TicTacToe.csproj", "{060F6850-71C0-4EAA-96F1-73406E3434BB}"
EndProject
Project("{FAE04EC0-301F-11D3-BF4B-00C04F79EFBC}") = "ColorfulBunnies", "ColorfulBunnies\ColorfulBunnies.csproj", "{C7EB897C-1510-4477-B762-1B69DEF384FE}"
EndProject
Project("{FAE04EC0-301F-11D3-BF4B-00C04F79EFBC}") = "RecoverMessage", "RecoverMessage\RecoverMessage.csproj", "{5E02E144-748C-4148-8734-14C9F307322D}"
EndProject
Project("{FAE04EC0-301F-11D3-BF4B-00C04F79EFBC}") = "MessagesInABottle", "MessagesInABottle\MessagesInABottle.csproj", "{B7E9ED57-FDBC-4916-A68E-DEB1F802E8E5}"
EndProject
Global
	GlobalSection(SolutionConfigurationPlatforms) = preSolution
		Debug|Any CPU = Debug|Any CPU
		Release|Any CPU = Release|Any CPU
	EndGlobalSection
	GlobalSection(ProjectConfigurationPlatforms) = postSolution
		{15FFA2F7-27D2-4661-9068-2F1D18801256}.Debug|Any CPU.ActiveCfg = Debug|Any CPU
		{15FFA2F7-27D2-4661-9068-2F1D18801256}.Debug|Any CPU.Build.0 = Debug|Any CPU
		{15FFA2F7-27D2-4661-9068-2F1D18801256}.Release|Any CPU.ActiveCfg = Release|Any CPU
		{15FFA2F7-27D2-4661-9068-2F1D18801256}.Release|Any CPU.Build.0 = Release|Any CPU
		{F0B37B4A-A9D0-44C0-86B7-05E3F3593C24}.Debug|Any CPU.ActiveCfg = Debug|Any CPU
		{F0B37B4A-A9D0-44C0-86B7-05E3F3593C24}.Debug|Any CPU.Build.0 = Debug|Any CPU
		{F0B37B4A-A9D0-44C0-86B7-05E3F3593C24}.Release|Any CPU.ActiveCfg = Release|Any CPU
		{F0B37B4A-A9D0-44C0-86B7-05E3F3593C24}.Release|Any CPU.Build.0 = Release|Any CPU
		{76C88232-6059-42D5-91D8-F699C10106BE}.Debug|Any CPU.ActiveCfg = Debug|Any CPU
		{76C88232-6059-42D5-91D8-F699C10106BE}.Debug|Any CPU.Build.0 = Debug|Any CPU
		{76C88232-6059-42D5-91D8-F699C10106BE}.Release|Any CPU.ActiveCfg = Release|Any CPU
		{76C88232-6059-42D5-91D8-F699C10106BE}.Release|Any CPU.Build.0 = Release|Any CPU
		{DDCA8DEE-A41B-45E5-8AF4-B58C00B9B468}.Debug|Any CPU.ActiveCfg = Debug|Any CPU
		{DDCA8DEE-A41B-45E5-8AF4-B58C00B9B468}.Debug|Any CPU.Build.0 = Debug|Any CPU
		{DDCA8DEE-A41B-45E5-8AF4-B58C00B9B468}.Release|Any CPU.ActiveCfg = Release|Any CPU
		{DDCA8DEE-A41B-45E5-8AF4-B58C00B9B468}.Release|Any CPU.Build.0 = Release|Any CPU
		{4A6A199F-7EF8-403C-B954-565B61C82A9C}.Debug|Any CPU.ActiveCfg = Debug|Any CPU
		{4A6A199F-7EF8-403C-B954-565B61C82A9C}.Debug|Any CPU.Build.0 = Debug|Any CPU
		{4A6A199F-7EF8-403C-B954-565B61C82A9C}.Release|Any CPU.ActiveCfg = Release|Any CPU
		{4A6A199F-7EF8-403C-B954-565B61C82A9C}.Release|Any CPU.Build.0 = Release|Any CPU
		{7B0C6789-A635-47EA-BF2A-04C267C1FFA2}.Debug|Any CPU.ActiveCfg = Debug|Any CPU
		{7B0C6789-A635-47EA-BF2A-04C267C1FFA2}.Debug|Any CPU.Build.0 = Debug|Any CPU
		{7B0C6789-A635-47EA-BF2A-04C267C1FFA2}.Release|Any CPU.ActiveCfg = Release|Any CPU
		{7B0C6789-A635-47EA-BF2A-04C267C1FFA2}.Release|Any CPU.Build.0 = Release|Any CPU
		{561CD0E6-789E-4694-9DA9-78D22620DD67}.Debug|Any CPU.ActiveCfg = Debug|Any CPU
		{561CD0E6-789E-4694-9DA9-78D22620DD67}.Debug|Any CPU.Build.0 = Debug|Any CPU
		{561CD0E6-789E-4694-9DA9-78D22620DD67}.Release|Any CPU.ActiveCfg = Release|Any CPU
		{561CD0E6-789E-4694-9DA9-78D22620DD67}.Release|Any CPU.Build.0 = Release|Any CPU
		{54507B64-8D5D-4447-AE3F-DB11CC2CD1FD}.Debug|Any CPU.ActiveCfg = Debug|Any CPU
		{54507B64-8D5D-4447-AE3F-DB11CC2CD1FD}.Debug|Any CPU.Build.0 = Debug|Any CPU
		{54507B64-8D5D-4447-AE3F-DB11CC2CD1FD}.Release|Any CPU.ActiveCfg = Release|Any CPU
		{54507B64-8D5D-4447-AE3F-DB11CC2CD1FD}.Release|Any CPU.Build.0 = Release|Any CPU
		{B4775F85-9876-450F-B3F2-A423B8DDA4EF}.Debug|Any CPU.ActiveCfg = Debug|Any CPU
		{B4775F85-9876-450F-B3F2-A423B8DDA4EF}.Debug|Any CPU.Build.0 = Debug|Any CPU
		{B4775F85-9876-450F-B3F2-A423B8DDA4EF}.Release|Any CPU.ActiveCfg = Release|Any CPU
		{B4775F85-9876-450F-B3F2-A423B8DDA4EF}.Release|Any CPU.Build.0 = Release|Any CPU
		{5A60DBDA-63CC-462F-A33B-98292C8A6A9E}.Debug|Any CPU.ActiveCfg = Debug|Any CPU
		{5A60DBDA-63CC-462F-A33B-98292C8A6A9E}.Debug|Any CPU.Build.0 = Debug|Any CPU
		{5A60DBDA-63CC-462F-A33B-98292C8A6A9E}.Release|Any CPU.ActiveCfg = Release|Any CPU
		{5A60DBDA-63CC-462F-A33B-98292C8A6A9E}.Release|Any CPU.Build.0 = Release|Any CPU
		{D32B8FE6-5B98-4B37-971B-C210A6E30456}.Debug|Any CPU.ActiveCfg = Debug|Any CPU
		{D32B8FE6-5B98-4B37-971B-C210A6E30456}.Debug|Any CPU.Build.0 = Debug|Any CPU
		{D32B8FE6-5B98-4B37-971B-C210A6E30456}.Release|Any CPU.ActiveCfg = Release|Any CPU
		{D32B8FE6-5B98-4B37-971B-C210A6E30456}.Release|Any CPU.Build.0 = Release|Any CPU
		{AF498E93-075C-48D7-8CD5-42487F81420B}.Debug|Any CPU.ActiveCfg = Debug|Any CPU
		{AF498E93-075C-48D7-8CD5-42487F81420B}.Debug|Any CPU.Build.0 = Debug|Any CPU
		{AF498E93-075C-48D7-8CD5-42487F81420B}.Release|Any CPU.ActiveCfg = Release|Any CPU
		{AF498E93-075C-48D7-8CD5-42487F81420B}.Release|Any CPU.Build.0 = Release|Any CPU
		{30C5E85F-4441-461C-8C69-21CDE46D3207}.Debug|Any CPU.ActiveCfg = Debug|Any CPU
		{30C5E85F-4441-461C-8C69-21CDE46D3207}.Debug|Any CPU.Build.0 = Debug|Any CPU
		{30C5E85F-4441-461C-8C69-21CDE46D3207}.Release|Any CPU.ActiveCfg = Release|Any CPU
		{30C5E85F-4441-461C-8C69-21CDE46D3207}.Release|Any CPU.Build.0 = Release|Any CPU
		{292B4C4C-31A5-4090-8EA9-FCB5FDB1C232}.Debug|Any CPU.ActiveCfg = Debug|Any CPU
		{292B4C4C-31A5-4090-8EA9-FCB5FDB1C232}.Debug|Any CPU.Build.0 = Debug|Any CPU
		{292B4C4C-31A5-4090-8EA9-FCB5FDB1C232}.Release|Any CPU.ActiveCfg = Release|Any CPU
		{292B4C4C-31A5-4090-8EA9-FCB5FDB1C232}.Release|Any CPU.Build.0 = Release|Any CPU
		{59E6A1C0-A261-457B-8845-955CA20B8CC5}.Debug|Any CPU.ActiveCfg = Debug|Any CPU
		{59E6A1C0-A261-457B-8845-955CA20B8CC5}.Debug|Any CPU.Build.0 = Debug|Any CPU
		{59E6A1C0-A261-457B-8845-955CA20B8CC5}.Release|Any CPU.ActiveCfg = Release|Any CPU
		{59E6A1C0-A261-457B-8845-955CA20B8CC5}.Release|Any CPU.Build.0 = Release|Any CPU
		{ECA642E6-2963-4207-AD7F-7A9095A6AC87}.Debug|Any CPU.ActiveCfg = Debug|Any CPU
		{ECA642E6-2963-4207-AD7F-7A9095A6AC87}.Debug|Any CPU.Build.0 = Debug|Any CPU
		{ECA642E6-2963-4207-AD7F-7A9095A6AC87}.Release|Any CPU.ActiveCfg = Release|Any CPU
		{ECA642E6-2963-4207-AD7F-7A9095A6AC87}.Release|Any CPU.Build.0 = Release|Any CPU
		{060F6850-71C0-4EAA-96F1-73406E3434BB}.Debug|Any CPU.ActiveCfg = Debug|Any CPU
		{060F6850-71C0-4EAA-96F1-73406E3434BB}.Debug|Any CPU.Build.0 = Debug|Any CPU
		{060F6850-71C0-4EAA-96F1-73406E3434BB}.Release|Any CPU.ActiveCfg = Release|Any CPU
		{060F6850-71C0-4EAA-96F1-73406E3434BB}.Release|Any CPU.Build.0 = Release|Any CPU
		{C7EB897C-1510-4477-B762-1B69DEF384FE}.Debug|Any CPU.ActiveCfg = Debug|Any CPU
		{C7EB897C-1510-4477-B762-1B69DEF384FE}.Debug|Any CPU.Build.0 = Debug|Any CPU
		{C7EB897C-1510-4477-B762-1B69DEF384FE}.Release|Any CPU.ActiveCfg = Release|Any CPU
		{C7EB897C-1510-4477-B762-1B69DEF384FE}.Release|Any CPU.Build.0 = Release|Any CPU
		{5E02E144-748C-4148-8734-14C9F307322D}.Debug|Any CPU.ActiveCfg = Debug|Any CPU
		{5E02E144-748C-4148-8734-14C9F307322D}.Debug|Any CPU.Build.0 = Debug|Any CPU
		{5E02E144-748C-4148-8734-14C9F307322D}.Release|Any CPU.ActiveCfg = Release|Any CPU
		{5E02E144-748C-4148-8734-14C9F307322D}.Release|Any CPU.Build.0 = Release|Any CPU
		{B7E9ED57-FDBC-4916-A68E-DEB1F802E8E5}.Debug|Any CPU.ActiveCfg = Debug|Any CPU
		{B7E9ED57-FDBC-4916-A68E-DEB1F802E8E5}.Debug|Any CPU.Build.0 = Debug|Any CPU
		{B7E9ED57-FDBC-4916-A68E-DEB1F802E8E5}.Release|Any CPU.ActiveCfg = Release|Any CPU
		{B7E9ED57-FDBC-4916-A68E-DEB1F802E8E5}.Release|Any CPU.Build.0 = Release|Any CPU
	EndGlobalSection
	GlobalSection(SolutionProperties) = preSolution
		HideSolutionNode = FALSE
	EndGlobalSection
EndGlobal
