
Microsoft Visual Studio Solution File, Format Version 12.00
# Visual Studio 2013
VisualStudioVersion = 12.0.30324.0
MinimumVisualStudioVersion = 10.0.40219.1
Project("{FAE04EC0-301F-11D3-BF4B-00C04F79EFBC}") = "KnapsackProblem", "KnapsackProblem\KnapsackProblem.csproj", "{28489FBF-E00C-404C-AE5D-6E2461DF389A}"
EndProject
Project("{FAE04EC0-301F-11D3-BF4B-00C04F79EFBC}") = "MinumumEditDistance", "MinumumEditDistance\MinumumEditDistance.csproj", "{DCC32421-771C-4E18-9676-D5F05A08EE14}"
EndProject
Global
	GlobalSection(SolutionConfigurationPlatforms) = preSolution
		Debug|Any CPU = Debug|Any CPU
		Release|Any CPU = Release|Any CPU
	EndGlobalSection
	GlobalSection(ProjectConfigurationPlatforms) = postSolution
		{28489FBF-E00C-404C-AE5D-6E2461DF389A}.Debug|Any CPU.ActiveCfg = Debug|Any CPU
		{28489FBF-E00C-404C-AE5D-6E2461DF389A}.Debug|Any CPU.Build.0 = Debug|Any CPU
		{28489FBF-E00C-404C-AE5D-6E2461DF389A}.Release|Any CPU.ActiveCfg = Release|Any CPU
		{28489FBF-E00C-404C-AE5D-6E2461DF389A}.Release|Any CPU.Build.0 = Release|Any CPU
		{DCC32421-771C-4E18-9676-D5F05A08EE14}.Debug|Any CPU.ActiveCfg = Debug|Any CPU
		{DCC32421-771C-4E18-9676-D5F05A08EE14}.Debug|Any CPU.Build.0 = Debug|Any CPU
		{DCC32421-771C-4E18-9676-D5F05A08EE14}.Release|Any CPU.ActiveCfg = Release|Any CPU
		{DCC32421-771C-4E18-9676-D5F05A08EE14}.Release|Any CPU.Build.0 = Release|Any CPU
	EndGlobalSection
	GlobalSection(SolutionProperties) = preSolution
		HideSolutionNode = FALSE
	EndGlobalSection
EndGlobal
