
Microsoft Visual Studio Solution File, Format Version 12.00
# Visual Studio 2013
VisualStudioVersion = 12.0.21005.1
MinimumVisualStudioVersion = 10.0.40219.1
Project("{FAE04EC0-301F-11D3-BF4B-00C04F79EFBC}") = "1. OneToN", "oneToN\1. OneToN.csproj", "{B49F3D29-534A-4F44-B8F2-720EE5109D76}"
EndProject
Project("{FAE04EC0-301F-11D3-BF4B-00C04F79EFBC}") = "2. OneToN2", "oneToN2\2. OneToN2.csproj", "{C3AC5EE8-7B02-4905-8097-41F99DC66004}"
EndProject
Project("{FAE04EC0-301F-11D3-BF4B-00C04F79EFBC}") = "3. SequenceNintegers", "SequenceNintegers\3. SequenceNintegers.csproj", "{ED6ADD40-B7E0-45DA-8F4D-FE88EDD1FC9A}"
EndProject
Project("{FAE04EC0-301F-11D3-BF4B-00C04F79EFBC}") = "4. NfactorialsKfactorials", "NfactorialsKfactorials\4. NfactorialsKfactorials.csproj", "{8C5197C1-FD51-404E-B886-9420B054B28B}"
EndProject
Project("{FAE04EC0-301F-11D3-BF4B-00C04F79EFBC}") = "5. NfactorialsKfactorials2", "NfactorialsKfactorials2\5. NfactorialsKfactorials2.csproj", "{238D2D8C-F2BC-42CB-AAFB-3A07CC86E640}"
EndProject
Project("{FAE04EC0-301F-11D3-BF4B-00C04F79EFBC}") = "6. ExerciseSix", "ExerciseSix\6. ExerciseSix.csproj", "{820709FF-7241-483A-9F08-26C21486BF44}"
EndProject
Project("{FAE04EC0-301F-11D3-BF4B-00C04F79EFBC}") = "8. FindGDC", "FindGDC\8. FindGDC.csproj", "{76187A0E-ACEE-455C-ACA6-DAE33B448329}"
EndProject
Project("{FAE04EC0-301F-11D3-BF4B-00C04F79EFBC}") = "7. FibonacciN", "FibonacciN\7. FibonacciN.csproj", "{53F563C7-3E11-4B9D-98AA-EBEA978BB7CF}"
EndProject
Project("{FAE04EC0-301F-11D3-BF4B-00C04F79EFBC}") = "9-10. CatalanAndMath", "CatalanAndMath\9-10. CatalanAndMath.csproj", "{474D3805-A4BE-439B-B2A1-488F7810B831}"
EndProject
Project("{FAE04EC0-301F-11D3-BF4B-00C04F79EFBC}") = "11. CardDeck", "CardDeck\11. CardDeck.csproj", "{04968714-B9C0-47F2-9EA2-BFF37E8B679A}"
EndProject
Project("{FAE04EC0-301F-11D3-BF4B-00C04F79EFBC}") = "12. MatrixN", "MatrixN\12. MatrixN.csproj", "{5A0F2796-C43B-43DB-BAFA-76F4D25B353F}"
EndProject
Project("{FAE04EC0-301F-11D3-BF4B-00C04F79EFBC}") = "14. NSpiral", "NSpiral\14. NSpiral.csproj", "{D2F26028-064B-42E3-A071-21AEC5CBB2CC}"
EndProject
Global
	GlobalSection(SolutionConfigurationPlatforms) = preSolution
		Debug|Any CPU = Debug|Any CPU
		Release|Any CPU = Release|Any CPU
	EndGlobalSection
	GlobalSection(ProjectConfigurationPlatforms) = postSolution
		{B49F3D29-534A-4F44-B8F2-720EE5109D76}.Debug|Any CPU.ActiveCfg = Debug|Any CPU
		{B49F3D29-534A-4F44-B8F2-720EE5109D76}.Debug|Any CPU.Build.0 = Debug|Any CPU
		{B49F3D29-534A-4F44-B8F2-720EE5109D76}.Release|Any CPU.ActiveCfg = Release|Any CPU
		{B49F3D29-534A-4F44-B8F2-720EE5109D76}.Release|Any CPU.Build.0 = Release|Any CPU
		{C3AC5EE8-7B02-4905-8097-41F99DC66004}.Debug|Any CPU.ActiveCfg = Debug|Any CPU
		{C3AC5EE8-7B02-4905-8097-41F99DC66004}.Debug|Any CPU.Build.0 = Debug|Any CPU
		{C3AC5EE8-7B02-4905-8097-41F99DC66004}.Release|Any CPU.ActiveCfg = Release|Any CPU
		{C3AC5EE8-7B02-4905-8097-41F99DC66004}.Release|Any CPU.Build.0 = Release|Any CPU
		{ED6ADD40-B7E0-45DA-8F4D-FE88EDD1FC9A}.Debug|Any CPU.ActiveCfg = Debug|Any CPU
		{ED6ADD40-B7E0-45DA-8F4D-FE88EDD1FC9A}.Debug|Any CPU.Build.0 = Debug|Any CPU
		{ED6ADD40-B7E0-45DA-8F4D-FE88EDD1FC9A}.Release|Any CPU.ActiveCfg = Release|Any CPU
		{ED6ADD40-B7E0-45DA-8F4D-FE88EDD1FC9A}.Release|Any CPU.Build.0 = Release|Any CPU
		{8C5197C1-FD51-404E-B886-9420B054B28B}.Debug|Any CPU.ActiveCfg = Debug|Any CPU
		{8C5197C1-FD51-404E-B886-9420B054B28B}.Debug|Any CPU.Build.0 = Debug|Any CPU
		{8C5197C1-FD51-404E-B886-9420B054B28B}.Release|Any CPU.ActiveCfg = Release|Any CPU
		{8C5197C1-FD51-404E-B886-9420B054B28B}.Release|Any CPU.Build.0 = Release|Any CPU
		{238D2D8C-F2BC-42CB-AAFB-3A07CC86E640}.Debug|Any CPU.ActiveCfg = Debug|Any CPU
		{238D2D8C-F2BC-42CB-AAFB-3A07CC86E640}.Debug|Any CPU.Build.0 = Debug|Any CPU
		{238D2D8C-F2BC-42CB-AAFB-3A07CC86E640}.Release|Any CPU.ActiveCfg = Release|Any CPU
		{238D2D8C-F2BC-42CB-AAFB-3A07CC86E640}.Release|Any CPU.Build.0 = Release|Any CPU
		{820709FF-7241-483A-9F08-26C21486BF44}.Debug|Any CPU.ActiveCfg = Debug|Any CPU
		{820709FF-7241-483A-9F08-26C21486BF44}.Debug|Any CPU.Build.0 = Debug|Any CPU
		{820709FF-7241-483A-9F08-26C21486BF44}.Release|Any CPU.ActiveCfg = Release|Any CPU
		{820709FF-7241-483A-9F08-26C21486BF44}.Release|Any CPU.Build.0 = Release|Any CPU
		{76187A0E-ACEE-455C-ACA6-DAE33B448329}.Debug|Any CPU.ActiveCfg = Debug|Any CPU
		{76187A0E-ACEE-455C-ACA6-DAE33B448329}.Debug|Any CPU.Build.0 = Debug|Any CPU
		{76187A0E-ACEE-455C-ACA6-DAE33B448329}.Release|Any CPU.ActiveCfg = Release|Any CPU
		{76187A0E-ACEE-455C-ACA6-DAE33B448329}.Release|Any CPU.Build.0 = Release|Any CPU
		{53F563C7-3E11-4B9D-98AA-EBEA978BB7CF}.Debug|Any CPU.ActiveCfg = Debug|Any CPU
		{53F563C7-3E11-4B9D-98AA-EBEA978BB7CF}.Debug|Any CPU.Build.0 = Debug|Any CPU
		{53F563C7-3E11-4B9D-98AA-EBEA978BB7CF}.Release|Any CPU.ActiveCfg = Release|Any CPU
		{53F563C7-3E11-4B9D-98AA-EBEA978BB7CF}.Release|Any CPU.Build.0 = Release|Any CPU
		{474D3805-A4BE-439B-B2A1-488F7810B831}.Debug|Any CPU.ActiveCfg = Debug|Any CPU
		{474D3805-A4BE-439B-B2A1-488F7810B831}.Debug|Any CPU.Build.0 = Debug|Any CPU
		{474D3805-A4BE-439B-B2A1-488F7810B831}.Release|Any CPU.ActiveCfg = Release|Any CPU
		{474D3805-A4BE-439B-B2A1-488F7810B831}.Release|Any CPU.Build.0 = Release|Any CPU
		{04968714-B9C0-47F2-9EA2-BFF37E8B679A}.Debug|Any CPU.ActiveCfg = Debug|Any CPU
		{04968714-B9C0-47F2-9EA2-BFF37E8B679A}.Debug|Any CPU.Build.0 = Debug|Any CPU
		{04968714-B9C0-47F2-9EA2-BFF37E8B679A}.Release|Any CPU.ActiveCfg = Release|Any CPU
		{04968714-B9C0-47F2-9EA2-BFF37E8B679A}.Release|Any CPU.Build.0 = Release|Any CPU
		{5A0F2796-C43B-43DB-BAFA-76F4D25B353F}.Debug|Any CPU.ActiveCfg = Debug|Any CPU
		{5A0F2796-C43B-43DB-BAFA-76F4D25B353F}.Debug|Any CPU.Build.0 = Debug|Any CPU
		{5A0F2796-C43B-43DB-BAFA-76F4D25B353F}.Release|Any CPU.ActiveCfg = Release|Any CPU
		{5A0F2796-C43B-43DB-BAFA-76F4D25B353F}.Release|Any CPU.Build.0 = Release|Any CPU
		{D2F26028-064B-42E3-A071-21AEC5CBB2CC}.Debug|Any CPU.ActiveCfg = Debug|Any CPU
		{D2F26028-064B-42E3-A071-21AEC5CBB2CC}.Debug|Any CPU.Build.0 = Debug|Any CPU
		{D2F26028-064B-42E3-A071-21AEC5CBB2CC}.Release|Any CPU.ActiveCfg = Release|Any CPU
		{D2F26028-064B-42E3-A071-21AEC5CBB2CC}.Release|Any CPU.Build.0 = Release|Any CPU
	EndGlobalSection
	GlobalSection(SolutionProperties) = preSolution
		HideSolutionNode = FALSE
	EndGlobalSection
EndGlobal
